
Microsoft Visual Studio Solution File, Format Version 12.00
# Visual Studio Version 16
VisualStudioVersion = 16.0.30517.126
MinimumVisualStudioVersion = 10.0.40219.1
Project("{FAE04EC0-301F-11D3-BF4B-00C04F79EFBC}") = "Sistema", "Sistema\Sistema.csproj", "{9356DE93-58F3-4711-A638-BCDA79237C0F}"
EndProject
Global
	GlobalSection(SolutionConfigurationPlatforms) = preSolution
		Debug|Any CPU = Debug|Any CPU
		Release|Any CPU = Release|Any CPU
	EndGlobalSection
	GlobalSection(ProjectConfigurationPlatforms) = postSolution
		{9356DE93-58F3-4711-A638-BCDA79237C0F}.Debug|Any CPU.ActiveCfg = Debug|Any CPU
		{9356DE93-58F3-4711-A638-BCDA79237C0F}.Debug|Any CPU.Build.0 = Debug|Any CPU
		{9356DE93-58F3-4711-A638-BCDA79237C0F}.Release|Any CPU.ActiveCfg = Release|Any CPU
		{9356DE93-58F3-4711-A638-BCDA79237C0F}.Release|Any CPU.Build.0 = Release|Any CPU
	EndGlobalSection
	GlobalSection(SolutionProperties) = preSolution
		HideSolutionNode = FALSE
	EndGlobalSection
	GlobalSection(ExtensibilityGlobals) = postSolution
		SolutionGuid = {92887687-E445-4C35-99E2-9C086E3E7917}
	EndGlobalSection
EndGlobal
